
Microsoft Visual Studio Solution File, Format Version 12.00
# Visual Studio 15
VisualStudioVersion = 15.0.27130.2024
MinimumVisualStudioVersion = 10.0.40219.1
Project("{FAE04EC0-301F-11D3-BF4B-00C04F79EFBC}") = "TestService2ServiceAuthGCP", "TestService2ServiceAuthGCP\TestService2ServiceAuthGCP.csproj", "{12C25A94-F91C-4208-8385-832F7CFF44DB}"
EndProject
Global
	GlobalSection(SolutionConfigurationPlatforms) = preSolution
		Debug|Any CPU = Debug|Any CPU
		Release|Any CPU = Release|Any CPU
	EndGlobalSection
	GlobalSection(ProjectConfigurationPlatforms) = postSolution
		{12C25A94-F91C-4208-8385-832F7CFF44DB}.Debug|Any CPU.ActiveCfg = Debug|Any CPU
		{12C25A94-F91C-4208-8385-832F7CFF44DB}.Debug|Any CPU.Build.0 = Debug|Any CPU
		{12C25A94-F91C-4208-8385-832F7CFF44DB}.Release|Any CPU.ActiveCfg = Release|Any CPU
		{12C25A94-F91C-4208-8385-832F7CFF44DB}.Release|Any CPU.Build.0 = Release|Any CPU
	EndGlobalSection
	GlobalSection(SolutionProperties) = preSolution
		HideSolutionNode = FALSE
	EndGlobalSection
	GlobalSection(ExtensibilityGlobals) = postSolution
		SolutionGuid = {CCAEFD75-547B-4071-99BB-DA2A89D79441}
	EndGlobalSection
EndGlobal
